// !$*UTF8*$!
{
	archiveVersion = 1;
	classes = {
	};
	objectVersion = 51;
	objects = {

/* Begin PBXBuildFile section */
		5B982075262C596700B2D1CB /* User.swift in Sources */ = {isa = PBXBuildFile; fileRef = 5B982074262C596700B2D1CB /* User.swift */; };
		5B982079262C597200B2D1CB /* Task.swift in Sources */ = {isa = PBXBuildFile; fileRef = 5B982078262C597200B2D1CB /* Task.swift */; };
		5BBD72302608818900FB670A /* AppDelegate.swift in Sources */ = {isa = PBXBuildFile; fileRef = 5BBD722F2608818900FB670A /* AppDelegate.swift */; };
		5BBD72322608818900FB670A /* SceneDelegate.swift in Sources */ = {isa = PBXBuildFile; fileRef = 5BBD72312608818900FB670A /* SceneDelegate.swift */; };
		5BBD72342608818900FB670A /* LoginViewController.swift in Sources */ = {isa = PBXBuildFile; fileRef = 5BBD72332608818900FB670A /* LoginViewController.swift */; };
		5BBD72372608818900FB670A /* Main.storyboard in Resources */ = {isa = PBXBuildFile; fileRef = 5BBD72352608818900FB670A /* Main.storyboard */; };
		5BBD72392608818A00FB670A /* Assets.xcassets in Resources */ = {isa = PBXBuildFile; fileRef = 5BBD72382608818A00FB670A /* Assets.xcassets */; };
		5BBD723C2608818A00FB670A /* LaunchScreen.storyboard in Resources */ = {isa = PBXBuildFile; fileRef = 5BBD723A2608818A00FB670A /* LaunchScreen.storyboard */; };
		5BBD72452608925E00FB670A /* TasksViewController.swift in Sources */ = {isa = PBXBuildFile; fileRef = 5BBD72442608925E00FB670A /* TasksViewController.swift */; };
		5BBD724D260A454300FB670A /* GoogleService-Info.plist in Resources */ = {isa = PBXBuildFile; fileRef = 5BBD724C260A454300FB670A /* GoogleService-Info.plist */; };
		5BBD726E260A690800FB670A /* RegisterViewController.swift in Sources */ = {isa = PBXBuildFile; fileRef = 5BBD726D260A690800FB670A /* RegisterViewController.swift */; };
		5BBD7280260A860200FB670A /* NetworkManager.swift in Sources */ = {isa = PBXBuildFile; fileRef = 5BBD727F260A860200FB670A /* NetworkManager.swift */; };
		EC5CA6E72B6915DC73DD2865 /* Pods_ToDoFirebase.framework in Frameworks */ = {isa = PBXBuildFile; fileRef = 4B67B04C16F35C445A09D549 /* Pods_ToDoFirebase.framework */; };
/* End PBXBuildFile section */

/* Begin PBXFileReference section */
		4B67B04C16F35C445A09D549 /* Pods_ToDoFirebase.framework */ = {isa = PBXFileReference; explicitFileType = wrapper.framework; includeInIndex = 0; path = Pods_ToDoFirebase.framework; sourceTree = BUILT_PRODUCTS_DIR; };
		5B982074262C596700B2D1CB /* User.swift */ = {isa = PBXFileReference; lastKnownFileType = sourcecode.swift; path = User.swift; sourceTree = "<group>"; };
		5B982078262C597200B2D1CB /* Task.swift */ = {isa = PBXFileReference; lastKnownFileType = sourcecode.swift; path = Task.swift; sourceTree = "<group>"; };
		5BBD722C2608818900FB670A /* ToDoFirebase.app */ = {isa = PBXFileReference; explicitFileType = wrapper.application; includeInIndex = 0; path = ToDoFirebase.app; sourceTree = BUILT_PRODUCTS_DIR; };
		5BBD722F2608818900FB670A /* AppDelegate.swift */ = {isa = PBXFileReference; lastKnownFileType = sourcecode.swift; path = AppDelegate.swift; sourceTree = "<group>"; };
		5BBD72312608818900FB670A /* SceneDelegate.swift */ = {isa = PBXFileReference; lastKnownFileType = sourcecode.swift; path = SceneDelegate.swift; sourceTree = "<group>"; };
		5BBD72332608818900FB670A /* LoginViewController.swift */ = {isa = PBXFileReference; lastKnownFileType = sourcecode.swift; path = LoginViewController.swift; sourceTree = "<group>"; };
		5BBD72362608818900FB670A /* Base */ = {isa = PBXFileReference; lastKnownFileType = file.storyboard; name = Base; path = Base.lproj/Main.storyboard; sourceTree = "<group>"; };
		5BBD72382608818A00FB670A /* Assets.xcassets */ = {isa = PBXFileReference; lastKnownFileType = folder.assetcatalog; path = Assets.xcassets; sourceTree = "<group>"; };
		5BBD723B2608818A00FB670A /* Base */ = {isa = PBXFileReference; lastKnownFileType = file.storyboard; name = Base; path = Base.lproj/LaunchScreen.storyboard; sourceTree = "<group>"; };
		5BBD723D2608818A00FB670A /* Info.plist */ = {isa = PBXFileReference; lastKnownFileType = text.plist.xml; path = Info.plist; sourceTree = "<group>"; };
		5BBD72442608925E00FB670A /* TasksViewController.swift */ = {isa = PBXFileReference; lastKnownFileType = sourcecode.swift; path = TasksViewController.swift; sourceTree = "<group>"; };
		5BBD724C260A454300FB670A /* GoogleService-Info.plist */ = {isa = PBXFileReference; fileEncoding = 4; lastKnownFileType = text.plist.xml; path = "GoogleService-Info.plist"; sourceTree = "<group>"; };
		5BBD726D260A690800FB670A /* RegisterViewController.swift */ = {isa = PBXFileReference; lastKnownFileType = sourcecode.swift; path = RegisterViewController.swift; sourceTree = "<group>"; };
		5BBD727F260A860200FB670A /* NetworkManager.swift */ = {isa = PBXFileReference; lastKnownFileType = sourcecode.swift; path = NetworkManager.swift; sourceTree = "<group>"; };
		62BD95B959330648B45927BC /* Pods-ToDoFirebase.release.xcconfig */ = {isa = PBXFileReference; includeInIndex = 1; lastKnownFileType = text.xcconfig; name = "Pods-ToDoFirebase.release.xcconfig"; path = "Target Support Files/Pods-ToDoFirebase/Pods-ToDoFirebase.release.xcconfig"; sourceTree = "<group>"; };
		EA6C9C51D186A99A1B420A7D /* Pods-ToDoFirebase.debug.xcconfig */ = {isa = PBXFileReference; includeInIndex = 1; lastKnownFileType = text.xcconfig; name = "Pods-ToDoFirebase.debug.xcconfig"; path = "Target Support Files/Pods-ToDoFirebase/Pods-ToDoFirebase.debug.xcconfig"; sourceTree = "<group>"; };
/* End PBXFileReference section */

/* Begin PBXFrameworksBuildPhase section */
		5BBD72292608818900FB670A /* Frameworks */ = {
			isa = PBXFrameworksBuildPhase;
			buildActionMask = 2147483647;
			files = (
				EC5CA6E72B6915DC73DD2865 /* Pods_ToDoFirebase.framework in Frameworks */,
			);
			runOnlyForDeploymentPostprocessing = 0;
		};
/* End PBXFrameworksBuildPhase section */

/* Begin PBXGroup section */
		51BB8B9ED8E928D6E5D4DA69 /* Pods */ = {
			isa = PBXGroup;
			children = (
				EA6C9C51D186A99A1B420A7D /* Pods-ToDoFirebase.debug.xcconfig */,
				62BD95B959330648B45927BC /* Pods-ToDoFirebase.release.xcconfig */,
			);
			path = Pods;
			sourceTree = "<group>";
		};
		59E697D163377BACD6FED6E8 /* Frameworks */ = {
			isa = PBXGroup;
			children = (
				4B67B04C16F35C445A09D549 /* Pods_ToDoFirebase.framework */,
			);
			name = Frameworks;
			sourceTree = "<group>";
		};
		5B982073262C595200B2D1CB /* Models */ = {
			isa = PBXGroup;
			children = (
				5B982074262C596700B2D1CB /* User.swift */,
				5B982078262C597200B2D1CB /* Task.swift */,
			);
			path = Models;
			sourceTree = "<group>";
		};
		5BBD72232608818900FB670A = {
			isa = PBXGroup;
			children = (
				5BBD722E2608818900FB670A /* ToDoFirebase */,
				5BBD722D2608818900FB670A /* Products */,
				51BB8B9ED8E928D6E5D4DA69 /* Pods */,
				59E697D163377BACD6FED6E8 /* Frameworks */,
			);
			sourceTree = "<group>";
		};
		5BBD722D2608818900FB670A /* Products */ = {
			isa = PBXGroup;
			children = (
				5BBD722C2608818900FB670A /* ToDoFirebase.app */,
			);
			name = Products;
			sourceTree = "<group>";
		};
		5BBD722E2608818900FB670A /* ToDoFirebase */ = {
			isa = PBXGroup;
			children = (
				5B982073262C595200B2D1CB /* Models */,
				5BBD7269260A656300FB670A /* Services */,
				5BBD722F2608818900FB670A /* AppDelegate.swift */,
				5BBD72312608818900FB670A /* SceneDelegate.swift */,
				5BBD72482608930700FB670A /* Controllers */,
				5BBD724A2608931900FB670A /* Storyboards */,
				5BBD72382608818A00FB670A /* Assets.xcassets */,
				5BBD723D2608818A00FB670A /* Info.plist */,
				5BBD724C260A454300FB670A /* GoogleService-Info.plist */,
			);
			path = ToDoFirebase;
			sourceTree = "<group>";
		};
		5BBD72482608930700FB670A /* Controllers */ = {
			isa = PBXGroup;
			children = (
				5BBD72332608818900FB670A /* LoginViewController.swift */,
				5BBD72442608925E00FB670A /* TasksViewController.swift */,
				5BBD726D260A690800FB670A /* RegisterViewController.swift */,
			);
			path = Controllers;
			sourceTree = "<group>";
		};
		5BBD724A2608931900FB670A /* Storyboards */ = {
			isa = PBXGroup;
			children = (
				5BBD72352608818900FB670A /* Main.storyboard */,
				5BBD723A2608818A00FB670A /* LaunchScreen.storyboard */,
			);
			path = Storyboards;
			sourceTree = "<group>";
		};
		5BBD7269260A656300FB670A /* Services */ = {
			isa = PBXGroup;
			children = (
				5BBD727F260A860200FB670A /* NetworkManager.swift */,
			);
			path = Services;
			sourceTree = "<group>";
		};
/* End PBXGroup section */

/* Begin PBXNativeTarget section */
		5BBD722B2608818900FB670A /* ToDoFirebase */ = {
			isa = PBXNativeTarget;
			buildConfigurationList = 5BBD72402608818A00FB670A /* Build configuration list for PBXNativeTarget "ToDoFirebase" */;
			buildPhases = (
				94351C79DCA9A63D7055427B /* [CP] Check Pods Manifest.lock */,
				5BBD72282608818900FB670A /* Sources */,
				5BBD72292608818900FB670A /* Frameworks */,
				5BBD722A2608818900FB670A /* Resources */,
				389E5B3208228D97A491C51B /* [CP] Embed Pods Frameworks */,
			);
			buildRules = (
			);
			dependencies = (
			);
			name = ToDoFirebase;
			productName = ToDoFirebase;
			productReference = 5BBD722C2608818900FB670A /* ToDoFirebase.app */;
			productType = "com.apple.product-type.application";
		};
/* End PBXNativeTarget section */

/* Begin PBXProject section */
		5BBD72242608818900FB670A /* Project object */ = {
			isa = PBXProject;
			attributes = {
				LastSwiftUpdateCheck = 1240;
				LastUpgradeCheck = 1240;
				TargetAttributes = {
					5BBD722B2608818900FB670A = {
						CreatedOnToolsVersion = 12.4;
					};
				};
			};
			buildConfigurationList = 5BBD72272608818900FB670A /* Build configuration list for PBXProject "ToDoFirebase" */;
			compatibilityVersion = "Xcode 9.3";
			developmentRegion = en;
			hasScannedForEncodings = 0;
			knownRegions = (
				en,
				Base,
			);
			mainGroup = 5BBD72232608818900FB670A;
			productRefGroup = 5BBD722D2608818900FB670A /* Products */;
			projectDirPath = "";
			projectRoot = "";
			targets = (
				5BBD722B2608818900FB670A /* ToDoFirebase */,
			);
		};
/* End PBXProject section */

/* Begin PBXResourcesBuildPhase section */
		5BBD722A2608818900FB670A /* Resources */ = {
			isa = PBXResourcesBuildPhase;
			buildActionMask = 2147483647;
			files = (
				5BBD723C2608818A00FB670A /* LaunchScreen.storyboard in Resources */,
				5BBD724D260A454300FB670A /* GoogleService-Info.plist in Resources */,
				5BBD72392608818A00FB670A /* Assets.xcassets in Resources */,
				5BBD72372608818900FB670A /* Main.storyboard in Resources */,
			);
			runOnlyForDeploymentPostprocessing = 0;
		};
/* End PBXResourcesBuildPhase section */

/* Begin PBXShellScriptBuildPhase section */
		389E5B3208228D97A491C51B /* [CP] Embed Pods Frameworks */ = {
			isa = PBXShellScriptBuildPhase;
			buildActionMask = 2147483647;
			files = (
			);
			inputFileListPaths = (
				"${PODS_ROOT}/Target Support Files/Pods-ToDoFirebase/Pods-ToDoFirebase-frameworks-${CONFIGURATION}-input-files.xcfilelist",
			);
			name = "[CP] Embed Pods Frameworks";
			outputFileListPaths = (
				"${PODS_ROOT}/Target Support Files/Pods-ToDoFirebase/Pods-ToDoFirebase-frameworks-${CONFIGURATION}-output-files.xcfilelist",
			);
			runOnlyForDeploymentPostprocessing = 0;
			shellPath = /bin/sh;
			shellScript = "\"${PODS_ROOT}/Target Support Files/Pods-ToDoFirebase/Pods-ToDoFirebase-frameworks.sh\"\n";
			showEnvVarsInLog = 0;
		};
		94351C79DCA9A63D7055427B /* [CP] Check Pods Manifest.lock */ = {
			isa = PBXShellScriptBuildPhase;
			buildActionMask = 2147483647;
			files = (
			);
			inputFileListPaths = (
			);
			inputPaths = (
				"${PODS_PODFILE_DIR_PATH}/Podfile.lock",
				"${PODS_ROOT}/Manifest.lock",
			);
			name = "[CP] Check Pods Manifest.lock";
			outputFileListPaths = (
			);
			outputPaths = (
				"$(DERIVED_FILE_DIR)/Pods-ToDoFirebase-checkManifestLockResult.txt",
			);
			runOnlyForDeploymentPostprocessing = 0;
			shellPath = /bin/sh;
			shellScript = "diff \"${PODS_PODFILE_DIR_PATH}/Podfile.lock\" \"${PODS_ROOT}/Manifest.lock\" > /dev/null\nif [ $? != 0 ] ; then\n    # print error to STDERR\n    echo \"error: The sandbox is not in sync with the Podfile.lock. Run 'pod install' or update your CocoaPods installation.\" >&2\n    exit 1\nfi\n# This output is used by Xcode 'outputs' to avoid re-running this script phase.\necho \"SUCCESS\" > \"${SCRIPT_OUTPUT_FILE_0}\"\n";
			showEnvVarsInLog = 0;
		};
/* End PBXShellScriptBuildPhase section */

/* Begin PBXSourcesBuildPhase section */
		5BBD72282608818900FB670A /* Sources */ = {
			isa = PBXSourcesBuildPhase;
			buildActionMask = 2147483647;
			files = (
				5B982079262C597200B2D1CB /* Task.swift in Sources */,
				5BBD7280260A860200FB670A /* NetworkManager.swift in Sources */,
				5BBD72342608818900FB670A /* LoginViewController.swift in Sources */,
				5BBD726E260A690800FB670A /* RegisterViewController.swift in Sources */,
				5BBD72452608925E00FB670A /* TasksViewController.swift in Sources */,
				5BBD72302608818900FB670A /* AppDelegate.swift in Sources */,
				5BBD72322608818900FB670A /* SceneDelegate.swift in Sources */,
				5B982075262C596700B2D1CB /* User.swift in Sources */,
			);
			runOnlyForDeploymentPostprocessing = 0;
		};
/* End PBXSourcesBuildPhase section */

/* Begin PBXVariantGroup section */
		5BBD72352608818900FB670A /* Main.storyboard */ = {
			isa = PBXVariantGroup;
			children = (
				5BBD72362608818900FB670A /* Base */,
			);
			name = Main.storyboard;
			sourceTree = "<group>";
		};
		5BBD723A2608818A00FB670A /* LaunchScreen.storyboard */ = {
			isa = PBXVariantGroup;
			children = (
				5BBD723B2608818A00FB670A /* Base */,
			);
			name = LaunchScreen.storyboard;
			sourceTree = "<group>";
		};
/* End PBXVariantGroup section */

/* Begin XCBuildConfiguration section */
		5BBD723E2608818A00FB670A /* Debug */ = {
			isa = XCBuildConfiguration;
			buildSettings = {
				ALWAYS_SEARCH_USER_PATHS = NO;
				CLANG_ANALYZER_NONNULL = YES;
				CLANG_ANALYZER_NUMBER_OBJECT_CONVERSION = YES_AGGRESSIVE;
				CLANG_CXX_LANGUAGE_STANDARD = "gnu++14";
				CLANG_CXX_LIBRARY = "libc++";
				CLANG_ENABLE_MODULES = YES;
				CLANG_ENABLE_OBJC_ARC = YES;
				CLANG_ENABLE_OBJC_WEAK = YES;
				CLANG_WARN_BLOCK_CAPTURE_AUTORELEASING = YES;
				CLANG_WARN_BOOL_CONVERSION = YES;
				CLANG_WARN_COMMA = YES;
				CLANG_WARN_CONSTANT_CONVERSION = YES;
				CLANG_WARN_DEPRECATED_OBJC_IMPLEMENTATIONS = YES;
				CLANG_WARN_DIRECT_OBJC_ISA_USAGE = YES_ERROR;
				CLANG_WARN_DOCUMENTATION_COMMENTS = YES;
				CLANG_WARN_EMPTY_BODY = YES;
				CLANG_WARN_ENUM_CONVERSION = YES;
				CLANG_WARN_INFINITE_RECURSION = YES;
				CLANG_WARN_INT_CONVERSION = YES;
				CLANG_WARN_NON_LITERAL_NULL_CONVERSION = YES;
				CLANG_WARN_OBJC_IMPLICIT_RETAIN_SELF = YES;
				CLANG_WARN_OBJC_LITERAL_CONVERSION = YES;
				CLANG_WARN_OBJC_ROOT_CLASS = YES_ERROR;
				CLANG_WARN_QUOTED_INCLUDE_IN_FRAMEWORK_HEADER = YES;
				CLANG_WARN_RANGE_LOOP_ANALYSIS = YES;
				CLANG_WARN_STRICT_PROTOTYPES = YES;
				CLANG_WARN_SUSPICIOUS_MOVE = YES;
				CLANG_WARN_UNGUARDED_AVAILABILITY = YES_AGGRESSIVE;
				CLANG_WARN_UNREACHABLE_CODE = YES;
				CLANG_WARN__DUPLICATE_METHOD_MATCH = YES;
				COPY_PHASE_STRIP = NO;
				DEBUG_INFORMATION_FORMAT = dwarf;
				ENABLE_STRICT_OBJC_MSGSEND = YES;
				ENABLE_TESTABILITY = YES;
				GCC_C_LANGUAGE_STANDARD = gnu11;
				GCC_DYNAMIC_NO_PIC = NO;
				GCC_NO_COMMON_BLOCKS = YES;
				GCC_OPTIMIZATION_LEVEL = 0;
				GCC_PREPROCESSOR_DEFINITIONS = (
					"DEBUG=1",
					"$(inherited)",
				);
				GCC_WARN_64_TO_32_BIT_CONVERSION = YES;
				GCC_WARN_ABOUT_RETURN_TYPE = YES_ERROR;
				GCC_WARN_UNDECLARED_SELECTOR = YES;
				GCC_WARN_UNINITIALIZED_AUTOS = YES_AGGRESSIVE;
				GCC_WARN_UNUSED_FUNCTION = YES;
				GCC_WARN_UNUSED_VARIABLE = YES;
				IPHONEOS_DEPLOYMENT_TARGET = 14.4;
				MTL_ENABLE_DEBUG_INFO = INCLUDE_SOURCE;
				MTL_FAST_MATH = YES;
				ONLY_ACTIVE_ARCH = YES;
				SDKROOT = iphoneos;
				SWIFT_ACTIVE_COMPILATION_CONDITIONS = DEBUG;
				SWIFT_OPTIMIZATION_LEVEL = "-Onone";
			};
			name = Debug;
		};
		5BBD723F2608818A00FB670A /* Release */ = {
			isa = XCBuildConfiguration;
			buildSettings = {
				ALWAYS_SEARCH_USER_PATHS = NO;
				CLANG_ANALYZER_NONNULL = YES;
				CLANG_ANALYZER_NUMBER_OBJECT_CONVERSION = YES_AGGRESSIVE;
				CLANG_CXX_LANGUAGE_STANDARD = "gnu++14";
				CLANG_CXX_LIBRARY = "libc++";
				CLANG_ENABLE_MODULES = YES;
				CLANG_ENABLE_OBJC_ARC = YES;
				CLANG_ENABLE_OBJC_WEAK = YES;
				CLANG_WARN_BLOCK_CAPTURE_AUTORELEASING = YES;
				CLANG_WARN_BOOL_CONVERSION = YES;
				CLANG_WARN_COMMA = YES;
				CLANG_WARN_CONSTANT_CONVERSION = YES;
				CLANG_WARN_DEPRECATED_OBJC_IMPLEMENTATIONS = YES;
				CLANG_WARN_DIRECT_OBJC_ISA_USAGE = YES_ERROR;
				CLANG_WARN_DOCUMENTATION_COMMENTS = YES;
				CLANG_WARN_EMPTY_BODY = YES;
				CLANG_WARN_ENUM_CONVERSION = YES;
				CLANG_WARN_INFINITE_RECURSION = YES;
				CLANG_WARN_INT_CONVERSION = YES;
				CLANG_WARN_NON_LITERAL_NULL_CONVERSION = YES;
				CLANG_WARN_OBJC_IMPLICIT_RETAIN_SELF = YES;
				CLANG_WARN_OBJC_LITERAL_CONVERSION = YES;
				CLANG_WARN_OBJC_ROOT_CLASS = YES_ERROR;
				CLANG_WARN_QUOTED_INCLUDE_IN_FRAMEWORK_HEADER = YES;
				CLANG_WARN_RANGE_LOOP_ANALYSIS = YES;
				CLANG_WARN_STRICT_PROTOTYPES = YES;
				CLANG_WARN_SUSPICIOUS_MOVE = YES;
				CLANG_WARN_UNGUARDED_AVAILABILITY = YES_AGGRESSIVE;
				CLANG_WARN_UNREACHABLE_CODE = YES;
				CLANG_WARN__DUPLICATE_METHOD_MATCH = YES;
				COPY_PHASE_STRIP = NO;
				DEBUG_INFORMATION_FORMAT = "dwarf-with-dsym";
				ENABLE_NS_ASSERTIONS = NO;
				ENABLE_STRICT_OBJC_MSGSEND = YES;
				GCC_C_LANGUAGE_STANDARD = gnu11;
				GCC_NO_COMMON_BLOCKS = YES;
				GCC_WARN_64_TO_32_BIT_CONVERSION = YES;
				GCC_WARN_ABOUT_RETURN_TYPE = YES_ERROR;
				GCC_WARN_UNDECLARED_SELECTOR = YES;
				GCC_WARN_UNINITIALIZED_AUTOS = YES_AGGRESSIVE;
				GCC_WARN_UNUSED_FUNCTION = YES;
				GCC_WARN_UNUSED_VARIABLE = YES;
				IPHONEOS_DEPLOYMENT_TARGET = 14.4;
				MTL_ENABLE_DEBUG_INFO = NO;
				MTL_FAST_MATH = YES;
				SDKROOT = iphoneos;
				SWIFT_COMPILATION_MODE = wholemodule;
				SWIFT_OPTIMIZATION_LEVEL = "-O";
				VALIDATE_PRODUCT = YES;
			};
			name = Release;
		};
		5BBD72412608818A00FB670A /* Debug */ = {
			isa = XCBuildConfiguration;
			baseConfigurationReference = EA6C9C51D186A99A1B420A7D /* Pods-ToDoFirebase.debug.xcconfig */;
			buildSettings = {
				ASSETCATALOG_COMPILER_APPICON_NAME = AppIcon;
				ASSETCATALOG_COMPILER_GLOBAL_ACCENT_COLOR_NAME = AccentColor;
				CODE_SIGN_STYLE = Automatic;
				DEVELOPMENT_TEAM = 4694MUZBLD;
				INFOPLIST_FILE = ToDoFirebase/Info.plist;
				LD_RUNPATH_SEARCH_PATHS = (
					"$(inherited)",
					"@executable_path/Frameworks",
				);
				PRODUCT_BUNDLE_IDENTIFIER = ml.alexmir.ToDoFirebase;
				PRODUCT_NAME = "$(TARGET_NAME)";
				SWIFT_VERSION = 5.0;
				TARGETED_DEVICE_FAMILY = "1,2";
			};
			name = Debug;
		};
		5BBD72422608818A00FB670A /* Release */ = {
			isa = XCBuildConfiguration;
			baseConfigurationReference = 62BD95B959330648B45927BC /* Pods-ToDoFirebase.release.xcconfig */;
			buildSettings = {
				ASSETCATALOG_COMPILER_APPICON_NAME = AppIcon;
				ASSETCATALOG_COMPILER_GLOBAL_ACCENT_COLOR_NAME = AccentColor;
				CODE_SIGN_STYLE = Automatic;
				DEVELOPMENT_TEAM = 4694MUZBLD;
				INFOPLIST_FILE = ToDoFirebase/Info.plist;
				LD_RUNPATH_SEARCH_PATHS = (
					"$(inherited)",
					"@executable_path/Frameworks",
				);
				PRODUCT_BUNDLE_IDENTIFIER = ml.alexmir.ToDoFirebase;
				PRODUCT_NAME = "$(TARGET_NAME)";
				SWIFT_VERSION = 5.0;
				TARGETED_DEVICE_FAMILY = "1,2";
			};
			name = Release;
		};
/* End XCBuildConfiguration section */

/* Begin XCConfigurationList section */
		5BBD72272608818900FB670A /* Build configuration list for PBXProject "ToDoFirebase" */ = {
			isa = XCConfigurationList;
			buildConfigurations = (
				5BBD723E2608818A00FB670A /* Debug */,
				5BBD723F2608818A00FB670A /* Release */,
			);
			defaultConfigurationIsVisible = 0;
			defaultConfigurationName = Release;
		};
		5BBD72402608818A00FB670A /* Build configuration list for PBXNativeTarget "ToDoFirebase" */ = {
			isa = XCConfigurationList;
			buildConfigurations = (
				5BBD72412608818A00FB670A /* Debug */,
				5BBD72422608818A00FB670A /* Release */,
			);
			defaultConfigurationIsVisible = 0;
			defaultConfigurationName = Release;
		};
/* End XCConfigurationList section */
	};
	rootObject = 5BBD72242608818900FB670A /* Project object */;
}
